# This file is automatically @generated by Cargo.
# It is not intended for manual editing.
[[package]]
name = "aho-corasick"
version = "0.7.15"
source = "registry+https://github.com/rust-lang/crates.io-index"
checksum = "7404febffaa47dac81aa44dba71523c9d069b1bdc50a77db41195149e17f68e5"
dependencies = [
 "memchr",
]

[[package]]
name = "atty"
version = "0.2.14"
source = "registry+https://github.com/rust-lang/crates.io-index"
checksum = "d9b39be18770d11421cdb1b9947a45dd3f37e93092cbf377614828a319d5fee8"
dependencies = [
 "hermit-abi",
 "libc",
 "winapi",
]

[[package]]
name = "autocfg"
version = "1.0.1"
source = "registry+https://github.com/rust-lang/crates.io-index"
checksum = "cdb031dd78e28731d87d56cc8ffef4a8f36ca26c38fe2de700543e627f8a464a"

[[package]]
name = "bincode"
version = "1.3.2"
source = "registry+https://github.com/rust-lang/crates.io-index"
checksum = "d175dfa69e619905c4c3cdb7c3c203fa3bdd5d51184e3afdb2742c0280493772"
dependencies = [
 "byteorder",
 "serde",
]

[[package]]
name = "block-buffer"
version = "0.7.3"
source = "registry+https://github.com/rust-lang/crates.io-index"
checksum = "c0940dc441f31689269e10ac70eb1002a3a1d3ad1390e030043662eb7fe4688b"
dependencies = [
 "block-padding",
 "byte-tools",
 "byteorder",
 "generic-array",
]

[[package]]
name = "block-padding"
version = "0.1.5"
source = "registry+https://github.com/rust-lang/crates.io-index"
checksum = "fa79dedbb091f449f1f39e53edf88d5dbe95f895dae6135a8d7b881fb5af73f5"
dependencies = [
 "byte-tools",
]

[[package]]
name = "byte-tools"
version = "0.3.1"
source = "registry+https://github.com/rust-lang/crates.io-index"
checksum = "e3b5ca7a04898ad4bcd41c90c5285445ff5b791899bb1b0abdd2a2aa791211d7"

[[package]]
name = "byteorder"
version = "1.3.4"
source = "registry+https://github.com/rust-lang/crates.io-index"
checksum = "08c48aae112d48ed9f069b33538ea9e3e90aa263cfa3d1c24309612b1f7472de"

[[package]]
name = "colored"
version = "2.0.0"
source = "registry+https://github.com/rust-lang/crates.io-index"
checksum = "b3616f750b84d8f0de8a58bda93e08e2a81ad3f523089b05f1dffecab48c6cbd"
dependencies = [
 "atty",
 "lazy_static",
 "winapi",
]

[[package]]
name = "digest"
version = "0.8.1"
source = "registry+https://github.com/rust-lang/crates.io-index"
checksum = "f3d0c8c8752312f9713efd397ff63acb9f85585afbf179282e720e7704954dd5"
dependencies = [
 "generic-array",
]

[[package]]
name = "dtoa"
version = "0.4.7"
source = "registry+https://github.com/rust-lang/crates.io-index"
checksum = "88d7ed2934d741c6b37e33e3832298e8850b53fd2d2bea03873375596c7cea4e"

[[package]]
name = "fake-simd"
version = "0.1.2"
source = "registry+https://github.com/rust-lang/crates.io-index"
checksum = "e88a8acf291dafb59c2d96e8f59828f3838bb1a70398823ade51a84de6a6deed"

[[package]]
name = "generic-array"
version = "0.12.4"
source = "registry+https://github.com/rust-lang/crates.io-index"
checksum = "ffdf9f34f1447443d37393cc6c2b8313aebddcd96906caf34e54c68d8e57d7bd"
dependencies = [
 "typenum",
]

[[package]]
name = "glob"
version = "0.3.0"
source = "registry+https://github.com/rust-lang/crates.io-index"
checksum = "9b919933a397b79c37e33b77bb2aa3dc8eb6e165ad809e58ff75bc7db2e34574"

[[package]]
name = "hermit-abi"
version = "0.1.18"
source = "registry+https://github.com/rust-lang/crates.io-index"
checksum = "322f4de77956e22ed0e5032c359a0f1273f1f7f0d79bfa3b8ffbc730d7fbcc5c"
dependencies = [
 "libc",
]

[[package]]
name = "kataru"
version = "0.1.0"
dependencies = [
 "bincode",
 "colored",
 "glob",
 "lazy_static",
 "linear-map",
 "maplit",
 "pest",
 "pest_derive",
 "regex",
 "rmp-serde",
 "serde",
 "serde_yaml",
 "yaml-rust",
]

[[package]]
name = "lazy_static"
version = "1.4.0"
source = "registry+https://github.com/rust-lang/crates.io-index"
checksum = "e2abad23fbc42b3700f2f279844dc832adb2b2eb069b2df918f455c4e18cc646"

[[package]]
name = "libc"
version = "0.2.90"
source = "registry+https://github.com/rust-lang/crates.io-index"
checksum = "ba4aede83fc3617411dc6993bc8c70919750c1c257c6ca6a502aed6e0e2394ae"

[[package]]
name = "linear-map"
version = "1.2.0"
source = "registry+https://github.com/rust-lang/crates.io-index"
checksum = "bfae20f6b19ad527b550c223fddc3077a547fc70cda94b9b566575423fd303ee"
dependencies = [
 "serde",
 "serde_test",
]

[[package]]
name = "linked-hash-map"
version = "0.5.4"
source = "registry+https://github.com/rust-lang/crates.io-index"
checksum = "7fb9b38af92608140b86b693604b9ffcc5824240a484d1ecd4795bacb2fe88f3"

[[package]]
name = "maplit"
version = "1.0.2"
source = "registry+https://github.com/rust-lang/crates.io-index"
checksum = "3e2e65a1a2e43cfcb47a895c4c8b10d1f4a61097f9f254f183aee60cad9c651d"

[[package]]
name = "memchr"
version = "2.3.4"
source = "registry+https://github.com/rust-lang/crates.io-index"
checksum = "0ee1c47aaa256ecabcaea351eae4a9b01ef39ed810004e298d2511ed284b1525"

[[package]]
name = "num-traits"
version = "0.2.14"
source = "registry+https://github.com/rust-lang/crates.io-index"
checksum = "9a64b1ec5cda2586e284722486d802acf1f7dbdc623e2bfc57e65ca1cd099290"
dependencies = [
 "autocfg",
]

[[package]]
name = "opaque-debug"
version = "0.2.3"
source = "registry+https://github.com/rust-lang/crates.io-index"
checksum = "2839e79665f131bdb5782e51f2c6c9599c133c6098982a54c794358bf432529c"

[[package]]
name = "pest"
version = "2.1.3"
source = "registry+https://github.com/rust-lang/crates.io-index"
checksum = "10f4872ae94d7b90ae48754df22fd42ad52ce740b8f370b03da4835417403e53"
dependencies = [
 "ucd-trie",
]

[[package]]
name = "pest_derive"
version = "2.1.0"
source = "registry+https://github.com/rust-lang/crates.io-index"
checksum = "833d1ae558dc601e9a60366421196a8d94bc0ac980476d0b67e1d0988d72b2d0"
dependencies = [
 "pest",
 "pest_generator",
]

[[package]]
name = "pest_generator"
version = "2.1.3"
source = "registry+https://github.com/rust-lang/crates.io-index"
checksum = "99b8db626e31e5b81787b9783425769681b347011cc59471e33ea46d2ea0cf55"
dependencies = [
 "pest",
 "pest_meta",
 "proc-macro2",
 "quote",
 "syn",
]

[[package]]
name = "pest_meta"
version = "2.1.3"
source = "registry+https://github.com/rust-lang/crates.io-index"
checksum = "54be6e404f5317079812fc8f9f5279de376d8856929e21c184ecf6bbd692a11d"
dependencies = [
 "maplit",
 "pest",
 "sha-1",
]

[[package]]
name = "proc-macro2"
version = "1.0.24"
source = "registry+https://github.com/rust-lang/crates.io-index"
checksum = "1e0704ee1a7e00d7bb417d0770ea303c1bccbabf0ef1667dae92b5967f5f8a71"
dependencies = [
 "unicode-xid",
]

[[package]]
name = "quote"
version = "1.0.9"
source = "registry+https://github.com/rust-lang/crates.io-index"
checksum = "c3d0b9745dc2debf507c8422de05d7226cc1f0644216dfdfead988f9b1ab32a7"
dependencies = [
 "proc-macro2",
]

[[package]]
name = "regex"
version = "1.4.5"
source = "registry+https://github.com/rust-lang/crates.io-index"
checksum = "957056ecddbeba1b26965114e191d2e8589ce74db242b6ea25fc4062427a5c19"
dependencies = [
 "aho-corasick",
 "memchr",
 "regex-syntax",
]

[[package]]
name = "regex-syntax"
version = "0.6.23"
source = "registry+https://github.com/rust-lang/crates.io-index"
checksum = "24d5f089152e60f62d28b835fbff2cd2e8dc0baf1ac13343bef92ab7eed84548"

[[package]]
name = "rmp"
version = "0.8.9"
source = "registry+https://github.com/rust-lang/crates.io-index"
checksum = "0f10b46df14cf1ee1ac7baa4d2fbc2c52c0622a4b82fa8740e37bc452ac0184f"
dependencies = [
 "byteorder",
 "num-traits",
]

[[package]]
name = "rmp-serde"
version = "0.15.1"
source = "registry+https://github.com/rust-lang/crates.io-index"
checksum = "3f74489002493a9984ee753ebd049552a1c82f0740e347ee9fc57c907fb19f83"
dependencies = [
 "byteorder",
 "rmp",
 "serde",
]

[[package]]
name = "serde"
version = "1.0.124"
source = "registry+https://github.com/rust-lang/crates.io-index"
checksum = "bd761ff957cb2a45fbb9ab3da6512de9de55872866160b23c25f1a841e99d29f"
dependencies = [
 "serde_derive",
]

[[package]]
name = "serde_derive"
version = "1.0.124"
source = "registry+https://github.com/rust-lang/crates.io-index"
checksum = "1800f7693e94e186f5e25a28291ae1570da908aff7d97a095dec1e56ff99069b"
dependencies = [
 "proc-macro2",
 "quote",
 "syn",
]

[[package]]
name = "serde_test"
version = "1.0.124"
source = "registry+https://github.com/rust-lang/crates.io-index"
checksum = "61c59238fc0762e8aee0c6ec5f1a2e61d580d94f6274b9fcc91dc51d03fb40ba"
dependencies = [
 "serde",
]

[[package]]
name = "serde_yaml"
version = "0.8.17"
source = "registry+https://github.com/rust-lang/crates.io-index"
checksum = "15654ed4ab61726bf918a39cb8d98a2e2995b002387807fa6ba58fdf7f59bb23"
dependencies = [
 "dtoa",
 "linked-hash-map",
 "serde",
 "yaml-rust",
]

[[package]]
name = "sha-1"
version = "0.8.2"
source = "registry+https://github.com/rust-lang/crates.io-index"
checksum = "f7d94d0bede923b3cea61f3f1ff57ff8cdfd77b400fb8f9998949e0cf04163df"
dependencies = [
 "block-buffer",
 "digest",
 "fake-simd",
 "opaque-debug",
]

[[package]]
name = "simple"
version = "0.1.0"
dependencies = [
 "colored",
 "kataru",
 "lazy_static",
 "linear-map",
 "regex",
]

[[package]]
name = "syn"
version = "1.0.64"
source = "registry+https://github.com/rust-lang/crates.io-index"
checksum = "3fd9d1e9976102a03c542daa2eff1b43f9d72306342f3f8b3ed5fb8908195d6f"
dependencies = [
 "proc-macro2",
 "quote",
 "unicode-xid",
]

[[package]]
name = "typenum"
version = "1.13.0"
source = "registry+https://github.com/rust-lang/crates.io-index"
checksum = "879f6906492a7cd215bfa4cf595b600146ccfac0c79bcbd1f3000162af5e8b06"

[[package]]
name = "ucd-trie"
version = "0.1.3"
source = "registry+https://github.com/rust-lang/crates.io-index"
checksum = "56dee185309b50d1f11bfedef0fe6d036842e3fb77413abef29f8f8d1c5d4c1c"

[[package]]
name = "unicode-xid"
version = "0.2.1"
source = "registry+https://github.com/rust-lang/crates.io-index"
checksum = "f7fe0bb3479651439c9112f72b6c505038574c9fbb575ed1bf3b797fa39dd564"

[[package]]
name = "winapi"
version = "0.3.9"
source = "registry+https://github.com/rust-lang/crates.io-index"
checksum = "5c839a674fcd7a98952e593242ea400abe93992746761e38641405d28b00f419"
dependencies = [
 "winapi-i686-pc-windows-gnu",
 "winapi-x86_64-pc-windows-gnu",
]

[[package]]
name = "winapi-i686-pc-windows-gnu"
version = "0.4.0"
source = "registry+https://github.com/rust-lang/crates.io-index"
checksum = "ac3b87c63620426dd9b991e5ce0329eff545bccbbb34f3be09ff6fb6ab51b7b6"

[[package]]
name = "winapi-x86_64-pc-windows-gnu"
version = "0.4.0"
source = "registry+https://github.com/rust-lang/crates.io-index"
checksum = "712e227841d057c1ee1cd2fb22fa7e5a5461ae8e48fa2ca79ec42cfc1931183f"

[[package]]
name = "yaml-rust"
version = "0.4.5"
source = "registry+https://github.com/rust-lang/crates.io-index"
checksum = "56c1936c4cc7a1c9ab21a1ebb602eb942ba868cbd44a99cb7cdc5892335e1c85"
dependencies = [
 "linked-hash-map",
]
